// !$*UTF8*$!
{
	archiveVersion = 1;
	classes = {
	};
	objectVersion = 56;
	objects = {

/* Begin PBXBuildFile section */
		B10000000000000000000001 /* NexusApp.swift in Sources */ = {isa = PBXBuildFile; fileRef = F10000000000000000000001 /* NexusApp.swift */; };
		B10000000000000000000002 /* NxBridge.swift in Sources */ = {isa = PBXBuildFile; fileRef = F10000000000000000000002 /* NxBridge.swift */; };
		B10000000000000000000003 /* ShellModel.swift in Sources */ = {isa = PBXBuildFile; fileRef = F10000000000000000000003 /* ShellModel.swift */; };
		B10000000000000000000004 /* ShellView.swift in Sources */ = {isa = PBXBuildFile; fileRef = F10000000000000000000004 /* ShellView.swift */; };
		B10000000000000000000005 /* Screens.swift in Sources */ = {isa = PBXBuildFile; fileRef = F10000000000000000000005 /* Screens.swift */; };
		B10000000000000000000006 /* AgentCatalog.swift in Sources */ = {isa = PBXBuildFile; fileRef = F10000000000000000000006 /* AgentCatalog.swift */; };
		B10000000000000000000007 /* NxMethods.swift in Sources */ = {isa = PBXBuildFile; fileRef = F10000000000000000000007 /* NxMethods.swift */; };
		B10000000000000000000008 /* UpdateService.swift in Sources */ = {isa = PBXBuildFile; fileRef = F1000000000000000000000C /* UpdateService.swift */; };
/* End PBXBuildFile section */

/* Begin PBXFileReference section */
		F10000000000000000000001 /* NexusApp.swift */ = {isa = PBXFileReference; lastKnownFileType = sourcecode.swift; path = NexusApp.swift; sourceTree = "<group>"; };
		F10000000000000000000002 /* NxBridge.swift */ = {isa = PBXFileReference; lastKnownFileType = sourcecode.swift; path = NxBridge.swift; sourceTree = "<group>"; };
		F10000000000000000000003 /* ShellModel.swift */ = {isa = PBXFileReference; lastKnownFileType = sourcecode.swift; path = ShellModel.swift; sourceTree = "<group>"; };
		F10000000000000000000004 /* ShellView.swift */ = {isa = PBXFileReference; lastKnownFileType = sourcecode.swift; path = ShellView.swift; sourceTree = "<group>"; };
		F10000000000000000000005 /* Screens.swift */ = {isa = PBXFileReference; lastKnownFileType = sourcecode.swift; path = Screens.swift; sourceTree = "<group>"; };
		F10000000000000000000006 /* AgentCatalog.swift */ = {isa = PBXFileReference; lastKnownFileType = sourcecode.swift; path = AgentCatalog.swift; sourceTree = "<group>"; };
		F10000000000000000000007 /* NxMethods.swift */ = {isa = PBXFileReference; lastKnownFileType = sourcecode.swift; name = NxMethods.swift; path = ../../bindings/swift/NxMethods.swift; sourceTree = SOURCE_ROOT; };
		F10000000000000000000008 /* Nexus.app */ = {isa = PBXFileReference; explicitFileType = wrapper.application; includeInIndex = 0; path = Nexus.app; sourceTree = BUILT_PRODUCTS_DIR; };
		F10000000000000000000009 /* Nexus-Bridging-Header.h */ = {isa = PBXFileReference; lastKnownFileType = sourcecode.c.h; path = "Nexus-Bridging-Header.h"; sourceTree = "<group>"; };
		F1000000000000000000000A /* Info.plist */ = {isa = PBXFileReference; lastKnownFileType = text.plist.xml; path = Info.plist; sourceTree = "<group>"; };
		F1000000000000000000000B /* Nexus.entitlements */ = {isa = PBXFileReference; lastKnownFileType = text.plist.entitlements; path = Nexus.entitlements; sourceTree = "<group>"; };
		F1000000000000000000000C /* UpdateService.swift */ = {isa = PBXFileReference; lastKnownFileType = sourcecode.swift; path = UpdateService.swift; sourceTree = "<group>"; };
/* End PBXFileReference section */

/* Begin PBXFrameworksBuildPhase section */
		A10000000000000000000004 /* Frameworks */ = {
			isa = PBXFrameworksBuildPhase;
			buildActionMask = 2147483647;
			files = (
			);
			runOnlyForDeploymentPostprocessing = 0;
		};
/* End PBXFrameworksBuildPhase section */

/* Begin PBXGroup section */
		A10000000000000000000007 /* Nexus */ = {
			isa = PBXGroup;
			children = (
				F10000000000000000000001 /* NexusApp.swift */,
				F10000000000000000000002 /* NxBridge.swift */,
				F10000000000000000000003 /* ShellModel.swift */,
				F10000000000000000000004 /* ShellView.swift */,
				F10000000000000000000005 /* Screens.swift */,
				F10000000000000000000006 /* AgentCatalog.swift */,
				F1000000000000000000000C /* UpdateService.swift */,
				F10000000000000000000009 /* Nexus-Bridging-Header.h */,
				F1000000000000000000000A /* Info.plist */,
				F1000000000000000000000B /* Nexus.entitlements */,
			);
			path = Nexus;
			sourceTree = "<group>";
		};
		A10000000000000000000008 = {
			isa = PBXGroup;
			children = (
				A10000000000000000000007 /* Nexus */,
				F10000000000000000000007 /* NxMethods.swift */,
				A10000000000000000000010 /* Products */,
			);
			sourceTree = "<group>";
		};
		A10000000000000000000010 /* Products */ = {
			isa = PBXGroup;
			children = (
				F10000000000000000000008 /* Nexus.app */,
			);
			name = Products;
			sourceTree = "<group>";
		};
/* End PBXGroup section */

/* Begin PBXNativeTarget section */
		A10000000000000000000002 /* Nexus */ = {
			isa = PBXNativeTarget;
			buildConfigurationList = A1000000000000000000000A /* Build configuration list for PBXNativeTarget "Nexus" */;
			buildPhases = (
				A10000000000000000000003 /* Sources */,
				A10000000000000000000004 /* Frameworks */,
				A10000000000000000000005 /* Resources */,
			);
			buildRules = (
			);
			dependencies = (
			);
			name = Nexus;
			productName = Nexus;
			productReference = F10000000000000000000008 /* Nexus.app */;
			productType = "com.apple.product-type.application";
		};
/* End PBXNativeTarget section */

/* Begin PBXProject section */
		A10000000000000000000001 /* Project object */ = {
			isa = PBXProject;
			attributes = {
				BuildIndependentTargetsInParallel = 1;
				LastUpgradeCheck = 1500;
			};
			buildConfigurationList = A10000000000000000000009 /* Build configuration list for PBXProject "Nexus" */;
			compatibilityVersion = "Xcode 14.0";
			developmentRegion = en;
			hasScannedForEncodings = 0;
			knownRegions = (
				en,
				Base,
			);
			mainGroup = A10000000000000000000008;
			productRefGroup = A10000000000000000000010 /* Products */;
			projectDirPath = "";
			projectRoot = "";
			targets = (
				A10000000000000000000002 /* Nexus */,
			);
		};
/* End PBXProject section */

/* Begin PBXResourcesBuildPhase section */
		A10000000000000000000005 /* Resources */ = {
			isa = PBXResourcesBuildPhase;
			buildActionMask = 2147483647;
			files = (
			);
			runOnlyForDeploymentPostprocessing = 0;
		};
/* End PBXResourcesBuildPhase section */

/* Begin PBXSourcesBuildPhase section */
		A10000000000000000000003 /* Sources */ = {
			isa = PBXSourcesBuildPhase;
			buildActionMask = 2147483647;
			files = (
				B10000000000000000000001 /* NexusApp.swift in Sources */,
				B10000000000000000000002 /* NxBridge.swift in Sources */,
				B10000000000000000000003 /* ShellModel.swift in Sources */,
				B10000000000000000000004 /* ShellView.swift in Sources */,
				B10000000000000000000005 /* Screens.swift in Sources */,
				B10000000000000000000006 /* AgentCatalog.swift in Sources */,
				B10000000000000000000007 /* NxMethods.swift in Sources */,
				B10000000000000000000008 /* UpdateService.swift in Sources */,
			);
			runOnlyForDeploymentPostprocessing = 0;
		};
/* End PBXSourcesBuildPhase section */

/* Begin XCBuildConfiguration section */
		A1000000000000000000000B /* Debug */ = {
			isa = XCBuildConfiguration;
			buildSettings = {
				ALWAYS_SEARCH_USER_PATHS = NO;
				CLANG_ENABLE_MODULES = YES;
				CLANG_ENABLE_OBJC_ARC = YES;
				COPY_PHASE_STRIP = NO;
				DEBUG_INFORMATION_FORMAT = dwarf;
				ENABLE_STRICT_OBJC_MSGSEND = YES;
				GCC_DYNAMIC_NO_PIC = NO;
				GCC_OPTIMIZATION_LEVEL = 0;
				MACOSX_DEPLOYMENT_TARGET = 14.0;
				ONLY_ACTIVE_ARCH = YES;
				SDKROOT = macosx;
				SWIFT_ACTIVE_COMPILATION_CONDITIONS = DEBUG;
				SWIFT_OPTIMIZATION_LEVEL = "-Onone";
				SWIFT_VERSION = 5.0;
			};
			name = Debug;
		};
		A1000000000000000000000C /* Release */ = {
			isa = XCBuildConfiguration;
			buildSettings = {
				ALWAYS_SEARCH_USER_PATHS = NO;
				CLANG_ENABLE_MODULES = YES;
				CLANG_ENABLE_OBJC_ARC = YES;
				COPY_PHASE_STRIP = NO;
				DEBUG_INFORMATION_FORMAT = "dwarf-with-dsym";
				ENABLE_NS_ASSERTIONS = NO;
				ENABLE_STRICT_OBJC_MSGSEND = YES;
				MACOSX_DEPLOYMENT_TARGET = 14.0;
				SDKROOT = macosx;
				SWIFT_COMPILATION_MODE = wholemodule;
				SWIFT_VERSION = 5.0;
			};
			name = Release;
		};
		A1000000000000000000000D /* Debug */ = {
			isa = XCBuildConfiguration;
			buildSettings = {
				CODE_SIGN_ENTITLEMENTS = Nexus/Nexus.entitlements;
				CODE_SIGN_IDENTITY = "-";
				CODE_SIGN_STYLE = Manual;
				COMBINE_HIDPI_IMAGES = YES;
				CURRENT_PROJECT_VERSION = 1;
				DEVELOPMENT_TEAM = "";
				ENABLE_APP_SANDBOX = NO;
				ENABLE_HARDENED_RUNTIME = YES;
				GENERATE_INFOPLIST_FILE = NO;
				HEADER_SEARCH_PATHS = "$(SRCROOT)/../../bindings";
				INFOPLIST_FILE = Nexus/Info.plist;
				LD_RUNPATH_SEARCH_PATHS = "$(inherited) @executable_path/../Frameworks";
				LIBRARY_SEARCH_PATHS = "$(SRCROOT)/lib";
				MACOSX_DEPLOYMENT_TARGET = 14.0;
				MARKETING_VERSION = 0.1;
				/* TODO(Sparkle): add -framework Sparkle here once appcast + SUFeedURL are ready. */
				OTHER_LDFLAGS = "-lnexuscore";
				PRODUCT_BUNDLE_IDENTIFIER = dev.pratyushes.nexus;
				PRODUCT_NAME = Nexus;
				SDKROOT = macosx;
				SWIFT_EMIT_LOC_STRINGS = YES;
				SWIFT_OBJC_BRIDGING_HEADER = Nexus/Nexus-Bridging-Header.h;
				SWIFT_VERSION = 5.0;
			};
			name = Debug;
		};
		A1000000000000000000000E /* Release */ = {
			isa = XCBuildConfiguration;
			buildSettings = {
				CODE_SIGN_ENTITLEMENTS = Nexus/Nexus.entitlements;
				CODE_SIGN_IDENTITY = "-";
				CODE_SIGN_STYLE = Manual;
				COMBINE_HIDPI_IMAGES = YES;
				CURRENT_PROJECT_VERSION = 1;
				DEVELOPMENT_TEAM = "";
				ENABLE_APP_SANDBOX = NO;
				ENABLE_HARDENED_RUNTIME = YES;
				GENERATE_INFOPLIST_FILE = NO;
				HEADER_SEARCH_PATHS = "$(SRCROOT)/../../bindings";
				INFOPLIST_FILE = Nexus/Info.plist;
				LD_RUNPATH_SEARCH_PATHS = "$(inherited) @executable_path/../Frameworks";
				LIBRARY_SEARCH_PATHS = "$(SRCROOT)/lib";
				MACOSX_DEPLOYMENT_TARGET = 14.0;
				MARKETING_VERSION = 0.1;
				/* TODO(Sparkle): add -framework Sparkle here once appcast + SUFeedURL are ready. */
				OTHER_LDFLAGS = "-lnexuscore";
				PRODUCT_BUNDLE_IDENTIFIER = dev.pratyushes.nexus;
				PRODUCT_NAME = Nexus;
				SDKROOT = macosx;
				SWIFT_EMIT_LOC_STRINGS = YES;
				SWIFT_OBJC_BRIDGING_HEADER = Nexus/Nexus-Bridging-Header.h;
				SWIFT_VERSION = 5.0;
			};
			name = Release;
		};
/* End XCBuildConfiguration section */

/* Begin XCConfigurationList section */
		A10000000000000000000009 /* Build configuration list for PBXProject "Nexus" */ = {
			isa = XCConfigurationList;
			buildConfigurations = (
				A1000000000000000000000B /* Debug */,
				A1000000000000000000000C /* Release */,
			);
			defaultConfigurationIsVisible = 0;
			defaultConfigurationName = Release;
		};
		A1000000000000000000000A /* Build configuration list for PBXNativeTarget "Nexus" */ = {
			isa = XCConfigurationList;
			buildConfigurations = (
				A1000000000000000000000D /* Debug */,
				A1000000000000000000000E /* Release */,
			);
			defaultConfigurationIsVisible = 0;
			defaultConfigurationName = Release;
		};
/* End XCConfigurationList section */
	};
	rootObject = A10000000000000000000001 /* Project object */;
}
